
Microsoft Visual Studio Solution File, Format Version 12.00
# Visual Studio Version 16
VisualStudioVersion = 16.0.810.21
MinimumVisualStudioVersion = 10.0.40219.1
Project("{FAE04EC0-301F-11D3-BF4B-00C04F79EFBC}") = "IfElse", "IfElse\IfElse.csproj", "{F11C1F9D-18A3-454B-97AE-BBB079A90BD9}"
EndProject
Project("{FAE04EC0-301F-11D3-BF4B-00C04F79EFBC}") = "NestedIfElse", "NestedIfElse\NestedIfElse.csproj", "{1DCE01FE-DE44-44AC-8576-FC2A2980CC65}"
EndProject
Project("{FAE04EC0-301F-11D3-BF4B-00C04F79EFBC}") = "ConsoleTest", "ConsoleTest\ConsoleTest.csproj", "{22DA5FE4-1D39-46BA-9CB6-84A5DAE3798A}"
EndProject
Project("{FAE04EC0-301F-11D3-BF4B-00C04F79EFBC}") = "ConsoleNum", "ConsoleNum\ConsoleNum.csproj", "{F1C8E022-0F4C-4659-A08C-4506B42EC628}"
EndProject
Project("{FAE04EC0-301F-11D3-BF4B-00C04F79EFBC}") = "Tenary", "Tenary\Tenary.csproj", "{64727AC4-10DA-457D-BFE3-E9F46DF408D5}"
EndProject
Project("{FAE04EC0-301F-11D3-BF4B-00C04F79EFBC}") = "For", "For\For.csproj", "{BAA6F8F7-1F60-4515-9150-A5FC2C7E1279}"
EndProject
Project("{FAE04EC0-301F-11D3-BF4B-00C04F79EFBC}") = "While", "While\While.csproj", "{E033F974-C5CF-4335-A21D-B25968B578B4}"
EndProject
Project("{FAE04EC0-301F-11D3-BF4B-00C04F79EFBC}") = "DoWhile", "DoWhile\DoWhile.csproj", "{CE294A55-C639-4815-B7E4-D3B7881D840A}"
EndProject
Project("{FAE04EC0-301F-11D3-BF4B-00C04F79EFBC}") = "BreakContinue", "BreakContinue\BreakContinue.csproj", "{99ACB5F9-AFC9-48B5-B34A-2FE90A64A3B4}"
EndProject
Project("{FAE04EC0-301F-11D3-BF4B-00C04F79EFBC}") = "GuessNum", "GuessNum\GuessNum.csproj", "{F083416D-E205-4C8E-B499-1C7C346C99D3}"
EndProject
Project("{FAE04EC0-301F-11D3-BF4B-00C04F79EFBC}") = "MultiplicationTable", "MultiplicationTable\MultiplicationTable.csproj", "{C3951081-B2D1-43C4-AF68-81323463C8B4}"
EndProject
Project("{FAE04EC0-301F-11D3-BF4B-00C04F79EFBC}") = "Triangle", "Triangle\Triangle.csproj", "{E520DD2D-93FA-4125-A8D4-B0365F0A3343}"
EndProject
Project("{FAE04EC0-301F-11D3-BF4B-00C04F79EFBC}") = "Diamond", "Diamond\Diamond.csproj", "{4133C8D8-BC5B-458C-94E8-D2D953FD163F}"
EndProject
Project("{FAE04EC0-301F-11D3-BF4B-00C04F79EFBC}") = "Star", "Star\Star.csproj", "{8C9EA42D-0D77-477A-A1F8-F06C75482838}"
EndProject
Global
	GlobalSection(SolutionConfigurationPlatforms) = preSolution
		Debug|Any CPU = Debug|Any CPU
		Release|Any CPU = Release|Any CPU
	EndGlobalSection
	GlobalSection(ProjectConfigurationPlatforms) = postSolution
		{F11C1F9D-18A3-454B-97AE-BBB079A90BD9}.Debug|Any CPU.ActiveCfg = Debug|Any CPU
		{F11C1F9D-18A3-454B-97AE-BBB079A90BD9}.Debug|Any CPU.Build.0 = Debug|Any CPU
		{F11C1F9D-18A3-454B-97AE-BBB079A90BD9}.Release|Any CPU.ActiveCfg = Release|Any CPU
		{F11C1F9D-18A3-454B-97AE-BBB079A90BD9}.Release|Any CPU.Build.0 = Release|Any CPU
		{1DCE01FE-DE44-44AC-8576-FC2A2980CC65}.Debug|Any CPU.ActiveCfg = Debug|Any CPU
		{1DCE01FE-DE44-44AC-8576-FC2A2980CC65}.Debug|Any CPU.Build.0 = Debug|Any CPU
		{1DCE01FE-DE44-44AC-8576-FC2A2980CC65}.Release|Any CPU.ActiveCfg = Release|Any CPU
		{1DCE01FE-DE44-44AC-8576-FC2A2980CC65}.Release|Any CPU.Build.0 = Release|Any CPU
		{22DA5FE4-1D39-46BA-9CB6-84A5DAE3798A}.Debug|Any CPU.ActiveCfg = Debug|Any CPU
		{22DA5FE4-1D39-46BA-9CB6-84A5DAE3798A}.Debug|Any CPU.Build.0 = Debug|Any CPU
		{22DA5FE4-1D39-46BA-9CB6-84A5DAE3798A}.Release|Any CPU.ActiveCfg = Release|Any CPU
		{22DA5FE4-1D39-46BA-9CB6-84A5DAE3798A}.Release|Any CPU.Build.0 = Release|Any CPU
		{F1C8E022-0F4C-4659-A08C-4506B42EC628}.Debug|Any CPU.ActiveCfg = Debug|Any CPU
		{F1C8E022-0F4C-4659-A08C-4506B42EC628}.Debug|Any CPU.Build.0 = Debug|Any CPU
		{F1C8E022-0F4C-4659-A08C-4506B42EC628}.Release|Any CPU.ActiveCfg = Release|Any CPU
		{F1C8E022-0F4C-4659-A08C-4506B42EC628}.Release|Any CPU.Build.0 = Release|Any CPU
		{64727AC4-10DA-457D-BFE3-E9F46DF408D5}.Debug|Any CPU.ActiveCfg = Debug|Any CPU
		{64727AC4-10DA-457D-BFE3-E9F46DF408D5}.Debug|Any CPU.Build.0 = Debug|Any CPU
		{64727AC4-10DA-457D-BFE3-E9F46DF408D5}.Release|Any CPU.ActiveCfg = Release|Any CPU
		{64727AC4-10DA-457D-BFE3-E9F46DF408D5}.Release|Any CPU.Build.0 = Release|Any CPU
		{BAA6F8F7-1F60-4515-9150-A5FC2C7E1279}.Debug|Any CPU.ActiveCfg = Debug|Any CPU
		{BAA6F8F7-1F60-4515-9150-A5FC2C7E1279}.Debug|Any CPU.Build.0 = Debug|Any CPU
		{BAA6F8F7-1F60-4515-9150-A5FC2C7E1279}.Release|Any CPU.ActiveCfg = Release|Any CPU
		{BAA6F8F7-1F60-4515-9150-A5FC2C7E1279}.Release|Any CPU.Build.0 = Release|Any CPU
		{E033F974-C5CF-4335-A21D-B25968B578B4}.Debug|Any CPU.ActiveCfg = Debug|Any CPU
		{E033F974-C5CF-4335-A21D-B25968B578B4}.Debug|Any CPU.Build.0 = Debug|Any CPU
		{E033F974-C5CF-4335-A21D-B25968B578B4}.Release|Any CPU.ActiveCfg = Release|Any CPU
		{E033F974-C5CF-4335-A21D-B25968B578B4}.Release|Any CPU.Build.0 = Release|Any CPU
		{CE294A55-C639-4815-B7E4-D3B7881D840A}.Debug|Any CPU.ActiveCfg = Debug|Any CPU
		{CE294A55-C639-4815-B7E4-D3B7881D840A}.Debug|Any CPU.Build.0 = Debug|Any CPU
		{CE294A55-C639-4815-B7E4-D3B7881D840A}.Release|Any CPU.ActiveCfg = Release|Any CPU
		{CE294A55-C639-4815-B7E4-D3B7881D840A}.Release|Any CPU.Build.0 = Release|Any CPU
		{99ACB5F9-AFC9-48B5-B34A-2FE90A64A3B4}.Debug|Any CPU.ActiveCfg = Debug|Any CPU
		{99ACB5F9-AFC9-48B5-B34A-2FE90A64A3B4}.Debug|Any CPU.Build.0 = Debug|Any CPU
		{99ACB5F9-AFC9-48B5-B34A-2FE90A64A3B4}.Release|Any CPU.ActiveCfg = Release|Any CPU
		{99ACB5F9-AFC9-48B5-B34A-2FE90A64A3B4}.Release|Any CPU.Build.0 = Release|Any CPU
		{F083416D-E205-4C8E-B499-1C7C346C99D3}.Debug|Any CPU.ActiveCfg = Debug|Any CPU
		{F083416D-E205-4C8E-B499-1C7C346C99D3}.Debug|Any CPU.Build.0 = Debug|Any CPU
		{F083416D-E205-4C8E-B499-1C7C346C99D3}.Release|Any CPU.ActiveCfg = Release|Any CPU
		{F083416D-E205-4C8E-B499-1C7C346C99D3}.Release|Any CPU.Build.0 = Release|Any CPU
		{C3951081-B2D1-43C4-AF68-81323463C8B4}.Debug|Any CPU.ActiveCfg = Debug|Any CPU
		{C3951081-B2D1-43C4-AF68-81323463C8B4}.Debug|Any CPU.Build.0 = Debug|Any CPU
		{C3951081-B2D1-43C4-AF68-81323463C8B4}.Release|Any CPU.ActiveCfg = Release|Any CPU
		{C3951081-B2D1-43C4-AF68-81323463C8B4}.Release|Any CPU.Build.0 = Release|Any CPU
		{E520DD2D-93FA-4125-A8D4-B0365F0A3343}.Debug|Any CPU.ActiveCfg = Debug|Any CPU
		{E520DD2D-93FA-4125-A8D4-B0365F0A3343}.Debug|Any CPU.Build.0 = Debug|Any CPU
		{E520DD2D-93FA-4125-A8D4-B0365F0A3343}.Release|Any CPU.ActiveCfg = Release|Any CPU
		{E520DD2D-93FA-4125-A8D4-B0365F0A3343}.Release|Any CPU.Build.0 = Release|Any CPU
		{4133C8D8-BC5B-458C-94E8-D2D953FD163F}.Debug|Any CPU.ActiveCfg = Debug|Any CPU
		{4133C8D8-BC5B-458C-94E8-D2D953FD163F}.Debug|Any CPU.Build.0 = Debug|Any CPU
		{4133C8D8-BC5B-458C-94E8-D2D953FD163F}.Release|Any CPU.ActiveCfg = Release|Any CPU
		{4133C8D8-BC5B-458C-94E8-D2D953FD163F}.Release|Any CPU.Build.0 = Release|Any CPU
		{8C9EA42D-0D77-477A-A1F8-F06C75482838}.Debug|Any CPU.ActiveCfg = Debug|Any CPU
		{8C9EA42D-0D77-477A-A1F8-F06C75482838}.Debug|Any CPU.Build.0 = Debug|Any CPU
		{8C9EA42D-0D77-477A-A1F8-F06C75482838}.Release|Any CPU.ActiveCfg = Release|Any CPU
		{8C9EA42D-0D77-477A-A1F8-F06C75482838}.Release|Any CPU.Build.0 = Release|Any CPU
	EndGlobalSection
	GlobalSection(SolutionProperties) = preSolution
		HideSolutionNode = FALSE
	EndGlobalSection
	GlobalSection(ExtensibilityGlobals) = postSolution
		SolutionGuid = {F2C8F2A8-9FEE-42D7-B41F-2BFD118B527F}
	EndGlobalSection
EndGlobal
