
Microsoft Visual Studio Solution File, Format Version 12.00
# Visual Studio Version 16
VisualStudioVersion = 16.0.810.21
MinimumVisualStudioVersion = 10.0.40219.1
Project("{FAE04EC0-301F-11D3-BF4B-00C04F79EFBC}") = "ConsoleEx1", "ConsoleEx1\ConsoleEx1.csproj", "{9133C1CB-D5C9-435A-9A2D-86D6A692D0DE}"
EndProject
Project("{FAE04EC0-301F-11D3-BF4B-00C04F79EFBC}") = "StringFormat", "StringFormat\StringFormat.csproj", "{B11B4AD9-5637-40D8-822D-3BBBCE61CF46}"
EndProject
Global
	GlobalSection(SolutionConfigurationPlatforms) = preSolution
		Debug|Any CPU = Debug|Any CPU
		Release|Any CPU = Release|Any CPU
	EndGlobalSection
	GlobalSection(ProjectConfigurationPlatforms) = postSolution
		{9133C1CB-D5C9-435A-9A2D-86D6A692D0DE}.Debug|Any CPU.ActiveCfg = Debug|Any CPU
		{9133C1CB-D5C9-435A-9A2D-86D6A692D0DE}.Debug|Any CPU.Build.0 = Debug|Any CPU
		{9133C1CB-D5C9-435A-9A2D-86D6A692D0DE}.Release|Any CPU.ActiveCfg = Release|Any CPU
		{9133C1CB-D5C9-435A-9A2D-86D6A692D0DE}.Release|Any CPU.Build.0 = Release|Any CPU
		{B11B4AD9-5637-40D8-822D-3BBBCE61CF46}.Debug|Any CPU.ActiveCfg = Debug|Any CPU
		{B11B4AD9-5637-40D8-822D-3BBBCE61CF46}.Debug|Any CPU.Build.0 = Debug|Any CPU
		{B11B4AD9-5637-40D8-822D-3BBBCE61CF46}.Release|Any CPU.ActiveCfg = Release|Any CPU
		{B11B4AD9-5637-40D8-822D-3BBBCE61CF46}.Release|Any CPU.Build.0 = Release|Any CPU
	EndGlobalSection
	GlobalSection(SolutionProperties) = preSolution
		HideSolutionNode = FALSE
	EndGlobalSection
	GlobalSection(ExtensibilityGlobals) = postSolution
		SolutionGuid = {D73F3E27-6CDA-4118-8128-79CB2167ABEA}
	EndGlobalSection
EndGlobal
